// !$*UTF8*$!
{
	archiveVersion = 1;
	classes = {
	};
	objectVersion = 46;
	objects = {

/* Begin PBXBuildFile section */
		814778D7AE1F26666AFD1AB4 /* Pods_Flicks.framework in Frameworks */ = {isa = PBXBuildFile; fileRef = A33808B91B9E6630215AAD1E /* Pods_Flicks.framework */; };
		E74C4BC01C5AE3F7005190E7 /* README.md in Sources */ = {isa = PBXBuildFile; fileRef = E74C4BBF1C5AE3F7005190E7 /* README.md */; };
		E76E7F9A1C6183D4003272A8 /* MovieCollectionViewCell.swift in Sources */ = {isa = PBXBuildFile; fileRef = E76E7F991C6183D4003272A8 /* MovieCollectionViewCell.swift */; };
		E7C6026D1C5E705500FFE7B4 /* DetailViewController.swift in Sources */ = {isa = PBXBuildFile; fileRef = E7C6026C1C5E705500FFE7B4 /* DetailViewController.swift */; };
		E7D0B64A1C4020B4003731A6 /* AppDelegate.swift in Sources */ = {isa = PBXBuildFile; fileRef = E7D0B6491C4020B4003731A6 /* AppDelegate.swift */; };
		E7D0B64F1C4020B4003731A6 /* Main.storyboard in Resources */ = {isa = PBXBuildFile; fileRef = E7D0B64D1C4020B4003731A6 /* Main.storyboard */; };
		E7D0B6511C4020B4003731A6 /* Assets.xcassets in Resources */ = {isa = PBXBuildFile; fileRef = E7D0B6501C4020B4003731A6 /* Assets.xcassets */; };
		E7D0B6541C4020B4003731A6 /* LaunchScreen.storyboard in Resources */ = {isa = PBXBuildFile; fileRef = E7D0B6521C4020B4003731A6 /* LaunchScreen.storyboard */; };
		E7D0B65C1C402273003731A6 /* MoviesViewController.swift in Sources */ = {isa = PBXBuildFile; fileRef = E7D0B65B1C402273003731A6 /* MoviesViewController.swift */; };
		E7DDA7331C604DB800C09625 /* LoadImage.swift in Sources */ = {isa = PBXBuildFile; fileRef = E7DDA7321C604DB800C09625 /* LoadImage.swift */; };
/* End PBXBuildFile section */

/* Begin PBXFileReference section */
		32D881CDCAE021E86D8C78D1 /* Pods-Flicks.debug.xcconfig */ = {isa = PBXFileReference; includeInIndex = 1; lastKnownFileType = text.xcconfig; name = "Pods-Flicks.debug.xcconfig"; path = "Pods/Target Support Files/Pods-Flicks/Pods-Flicks.debug.xcconfig"; sourceTree = "<group>"; };
		7590C5D6AF5693DBD498CF87 /* Pods-Flicks.release.xcconfig */ = {isa = PBXFileReference; includeInIndex = 1; lastKnownFileType = text.xcconfig; name = "Pods-Flicks.release.xcconfig"; path = "Pods/Target Support Files/Pods-Flicks/Pods-Flicks.release.xcconfig"; sourceTree = "<group>"; };
		A33808B91B9E6630215AAD1E /* Pods_Flicks.framework */ = {isa = PBXFileReference; explicitFileType = wrapper.framework; includeInIndex = 0; path = Pods_Flicks.framework; sourceTree = BUILT_PRODUCTS_DIR; };
		E74C4BBF1C5AE3F7005190E7 /* README.md */ = {isa = PBXFileReference; fileEncoding = 4; lastKnownFileType = net.daringfireball.markdown; path = README.md; sourceTree = "<group>"; };
		E76E7F991C6183D4003272A8 /* MovieCollectionViewCell.swift */ = {isa = PBXFileReference; fileEncoding = 4; lastKnownFileType = sourcecode.swift; path = MovieCollectionViewCell.swift; sourceTree = "<group>"; };
		E7C6026C1C5E705500FFE7B4 /* DetailViewController.swift */ = {isa = PBXFileReference; fileEncoding = 4; lastKnownFileType = sourcecode.swift; path = DetailViewController.swift; sourceTree = "<group>"; };
		E7D0B6461C4020B4003731A6 /* Flicks.app */ = {isa = PBXFileReference; explicitFileType = wrapper.application; includeInIndex = 0; path = Flicks.app; sourceTree = BUILT_PRODUCTS_DIR; };
		E7D0B6491C4020B4003731A6 /* AppDelegate.swift */ = {isa = PBXFileReference; lastKnownFileType = sourcecode.swift; path = AppDelegate.swift; sourceTree = "<group>"; };
		E7D0B64E1C4020B4003731A6 /* Base */ = {isa = PBXFileReference; lastKnownFileType = file.storyboard; name = Base; path = Base.lproj/Main.storyboard; sourceTree = "<group>"; };
		E7D0B6501C4020B4003731A6 /* Assets.xcassets */ = {isa = PBXFileReference; lastKnownFileType = folder.assetcatalog; path = Assets.xcassets; sourceTree = "<group>"; };
		E7D0B6531C4020B4003731A6 /* Base */ = {isa = PBXFileReference; lastKnownFileType = file.storyboard; name = Base; path = Base.lproj/LaunchScreen.storyboard; sourceTree = "<group>"; };
		E7D0B6551C4020B4003731A6 /* Info.plist */ = {isa = PBXFileReference; lastKnownFileType = text.plist.xml; path = Info.plist; sourceTree = "<group>"; };
		E7D0B65B1C402273003731A6 /* MoviesViewController.swift */ = {isa = PBXFileReference; fileEncoding = 4; lastKnownFileType = sourcecode.swift; path = MoviesViewController.swift; sourceTree = "<group>"; };
		E7DDA7321C604DB800C09625 /* LoadImage.swift */ = {isa = PBXFileReference; fileEncoding = 4; lastKnownFileType = sourcecode.swift; path = LoadImage.swift; sourceTree = "<group>"; };
/* End PBXFileReference section */

/* Begin PBXFrameworksBuildPhase section */
		E7D0B6431C4020B4003731A6 /* Frameworks */ = {
			isa = PBXFrameworksBuildPhase;
			buildActionMask = 2147483647;
			files = (
				814778D7AE1F26666AFD1AB4 /* Pods_Flicks.framework in Frameworks */,
			);
			runOnlyForDeploymentPostprocessing = 0;
		};
/* End PBXFrameworksBuildPhase section */

/* Begin PBXGroup section */
		2E19D91DC9806C25FC590885 /* Frameworks */ = {
			isa = PBXGroup;
			children = (
				A33808B91B9E6630215AAD1E /* Pods_Flicks.framework */,
			);
			name = Frameworks;
			sourceTree = "<group>";
		};
		45803C5751DF6BF390B4CAB6 /* Pods */ = {
			isa = PBXGroup;
			children = (
				32D881CDCAE021E86D8C78D1 /* Pods-Flicks.debug.xcconfig */,
				7590C5D6AF5693DBD498CF87 /* Pods-Flicks.release.xcconfig */,
			);
			name = Pods;
			sourceTree = "<group>";
		};
		E7D0B63D1C4020B4003731A6 = {
			isa = PBXGroup;
			children = (
				E74C4BBF1C5AE3F7005190E7 /* README.md */,
				E7D0B6481C4020B4003731A6 /* Flicks */,
				E7D0B6471C4020B4003731A6 /* Products */,
				45803C5751DF6BF390B4CAB6 /* Pods */,
				2E19D91DC9806C25FC590885 /* Frameworks */,
			);
			sourceTree = "<group>";
		};
		E7D0B6471C4020B4003731A6 /* Products */ = {
			isa = PBXGroup;
			children = (
				E7D0B6461C4020B4003731A6 /* Flicks.app */,
			);
			name = Products;
			sourceTree = "<group>";
		};
		E7D0B6481C4020B4003731A6 /* Flicks */ = {
			isa = PBXGroup;
			children = (
				E7DDA7321C604DB800C09625 /* LoadImage.swift */,
				E7D0B6601C402FCA003731A6 /* ViewController */,
				E7D0B65D1C402F7E003731A6 /* Views */,
				E7D0B6491C4020B4003731A6 /* AppDelegate.swift */,
				E7D0B64D1C4020B4003731A6 /* Main.storyboard */,
				E7D0B6501C4020B4003731A6 /* Assets.xcassets */,
				E7D0B6521C4020B4003731A6 /* LaunchScreen.storyboard */,
				E7D0B6551C4020B4003731A6 /* Info.plist */,
			);
			path = Flicks;
			sourceTree = "<group>";
		};
		E7D0B65D1C402F7E003731A6 /* Views */ = {
			isa = PBXGroup;
			children = (
				E76E7F991C6183D4003272A8 /* MovieCollectionViewCell.swift */,
			);
			name = Views;
			sourceTree = "<group>";
		};
		E7D0B6601C402FCA003731A6 /* ViewController */ = {
			isa = PBXGroup;
			children = (
				E7D0B65B1C402273003731A6 /* MoviesViewController.swift */,
				E7C6026C1C5E705500FFE7B4 /* DetailViewController.swift */,
			);
			name = ViewController;
			sourceTree = "<group>";
		};
/* End PBXGroup section */

/* Begin PBXNativeTarget section */
		E7D0B6451C4020B4003731A6 /* Flicks */ = {
			isa = PBXNativeTarget;
			buildConfigurationList = E7D0B6581C4020B4003731A6 /* Build configuration list for PBXNativeTarget "Flicks" */;
			buildPhases = (
				5AE7937BDDB4E65580762AEF /* Check Pods Manifest.lock */,
				E7D0B6421C4020B4003731A6 /* Sources */,
				E7D0B6431C4020B4003731A6 /* Frameworks */,
				E7D0B6441C4020B4003731A6 /* Resources */,
				74D7794B7E2C7DBCD661CE84 /* Embed Pods Frameworks */,
				F2ED60894B433BF309089102 /* Copy Pods Resources */,
			);
			buildRules = (
			);
			dependencies = (
			);
			name = Flicks;
			productName = Flicks;
			productReference = E7D0B6461C4020B4003731A6 /* Flicks.app */;
			productType = "com.apple.product-type.application";
		};
/* End PBXNativeTarget section */

/* Begin PBXProject section */
		E7D0B63E1C4020B4003731A6 /* Project object */ = {
			isa = PBXProject;
			attributes = {
				LastSwiftUpdateCheck = 0720;
				LastUpgradeCheck = 0720;
				ORGANIZATIONNAME = "Ellis Sparky Hoag";
				TargetAttributes = {
					E7D0B6451C4020B4003731A6 = {
						CreatedOnToolsVersion = 7.2;
						DevelopmentTeam = LMU38T4425;
						LastSwiftMigration = 0800;
					};
				};
			};
			buildConfigurationList = E7D0B6411C4020B4003731A6 /* Build configuration list for PBXProject "Flicks" */;
			compatibilityVersion = "Xcode 3.2";
			developmentRegion = English;
			hasScannedForEncodings = 0;
			knownRegions = (
				en,
				Base,
			);
			mainGroup = E7D0B63D1C4020B4003731A6;
			productRefGroup = E7D0B6471C4020B4003731A6 /* Products */;
			projectDirPath = "";
			projectRoot = "";
			targets = (
				E7D0B6451C4020B4003731A6 /* Flicks */,
			);
		};
/* End PBXProject section */

/* Begin PBXResourcesBuildPhase section */
		E7D0B6441C4020B4003731A6 /* Resources */ = {
			isa = PBXResourcesBuildPhase;
			buildActionMask = 2147483647;
			files = (
				E7D0B6541C4020B4003731A6 /* LaunchScreen.storyboard in Resources */,
				E7D0B6511C4020B4003731A6 /* Assets.xcassets in Resources */,
				E7D0B64F1C4020B4003731A6 /* Main.storyboard in Resources */,
			);
			runOnlyForDeploymentPostprocessing = 0;
		};
/* End PBXResourcesBuildPhase section */

/* Begin PBXShellScriptBuildPhase section */
		5AE7937BDDB4E65580762AEF /* Check Pods Manifest.lock */ = {
			isa = PBXShellScriptBuildPhase;
			buildActionMask = 2147483647;
			files = (
			);
			inputPaths = (
			);
			name = "Check Pods Manifest.lock";
			outputPaths = (
			);
			runOnlyForDeploymentPostprocessing = 0;
			shellPath = /bin/sh;
			shellScript = "diff \"${PODS_ROOT}/../Podfile.lock\" \"${PODS_ROOT}/Manifest.lock\" > /dev/null\nif [[ $? != 0 ]] ; then\n    cat << EOM\nerror: The sandbox is not in sync with the Podfile.lock. Run 'pod install' or update your CocoaPods installation.\nEOM\n    exit 1\nfi\n";
			showEnvVarsInLog = 0;
		};
		74D7794B7E2C7DBCD661CE84 /* Embed Pods Frameworks */ = {
			isa = PBXShellScriptBuildPhase;
			buildActionMask = 2147483647;
			files = (
			);
			inputPaths = (
			);
			name = "Embed Pods Frameworks";
			outputPaths = (
			);
			runOnlyForDeploymentPostprocessing = 0;
			shellPath = /bin/sh;
			shellScript = "\"${SRCROOT}/Pods/Target Support Files/Pods-Flicks/Pods-Flicks-frameworks.sh\"\n";
			showEnvVarsInLog = 0;
		};
		F2ED60894B433BF309089102 /* Copy Pods Resources */ = {
			isa = PBXShellScriptBuildPhase;
			buildActionMask = 2147483647;
			files = (
			);
			inputPaths = (
			);
			name = "Copy Pods Resources";
			outputPaths = (
			);
			runOnlyForDeploymentPostprocessing = 0;
			shellPath = /bin/sh;
			shellScript = "\"${SRCROOT}/Pods/Target Support Files/Pods-Flicks/Pods-Flicks-resources.sh\"\n";
			showEnvVarsInLog = 0;
		};
/* End PBXShellScriptBuildPhase section */

/* Begin PBXSourcesBuildPhase section */
		E7D0B6421C4020B4003731A6 /* Sources */ = {
			isa = PBXSourcesBuildPhase;
			buildActionMask = 2147483647;
			files = (
				E7D0B64A1C4020B4003731A6 /* AppDelegate.swift in Sources */,
				E7D0B65C1C402273003731A6 /* MoviesViewController.swift in Sources */,
				E7C6026D1C5E705500FFE7B4 /* DetailViewController.swift in Sources */,
				E74C4BC01C5AE3F7005190E7 /* README.md in Sources */,
				E7DDA7331C604DB800C09625 /* LoadImage.swift in Sources */,
				E76E7F9A1C6183D4003272A8 /* MovieCollectionViewCell.swift in Sources */,
			);
			runOnlyForDeploymentPostprocessing = 0;
		};
/* End PBXSourcesBuildPhase section */

/* Begin PBXVariantGroup section */
		E7D0B64D1C4020B4003731A6 /* Main.storyboard */ = {
			isa = PBXVariantGroup;
			children = (
				E7D0B64E1C4020B4003731A6 /* Base */,
			);
			name = Main.storyboard;
			sourceTree = "<group>";
		};
		E7D0B6521C4020B4003731A6 /* LaunchScreen.storyboard */ = {
			isa = PBXVariantGroup;
			children = (
				E7D0B6531C4020B4003731A6 /* Base */,
			);
			name = LaunchScreen.storyboard;
			sourceTree = "<group>";
		};
/* End PBXVariantGroup section */

/* Begin XCBuildConfiguration section */
		E7D0B6561C4020B4003731A6 /* Debug */ = {
			isa = XCBuildConfiguration;
			buildSettings = {
				ALWAYS_SEARCH_USER_PATHS = NO;
				CLANG_CXX_LANGUAGE_STANDARD = "gnu++0x";
				CLANG_CXX_LIBRARY = "libc++";
				CLANG_ENABLE_MODULES = YES;
				CLANG_ENABLE_OBJC_ARC = YES;
				CLANG_WARN_BOOL_CONVERSION = YES;
				CLANG_WARN_CONSTANT_CONVERSION = YES;
				CLANG_WARN_DIRECT_OBJC_ISA_USAGE = YES_ERROR;
				CLANG_WARN_EMPTY_BODY = YES;
				CLANG_WARN_ENUM_CONVERSION = YES;
				CLANG_WARN_INT_CONVERSION = YES;
				CLANG_WARN_OBJC_ROOT_CLASS = YES_ERROR;
				CLANG_WARN_UNREACHABLE_CODE = YES;
				CLANG_WARN__DUPLICATE_METHOD_MATCH = YES;
				"CODE_SIGN_IDENTITY[sdk=iphoneos*]" = "iPhone Developer";
				COPY_PHASE_STRIP = NO;
				DEBUG_INFORMATION_FORMAT = dwarf;
				ENABLE_STRICT_OBJC_MSGSEND = YES;
				ENABLE_TESTABILITY = YES;
				GCC_C_LANGUAGE_STANDARD = gnu99;
				GCC_DYNAMIC_NO_PIC = NO;
				GCC_NO_COMMON_BLOCKS = YES;
				GCC_OPTIMIZATION_LEVEL = 0;
				GCC_PREPROCESSOR_DEFINITIONS = (
					"DEBUG=1",
					"$(inherited)",
				);
				GCC_WARN_64_TO_32_BIT_CONVERSION = YES;
				GCC_WARN_ABOUT_RETURN_TYPE = YES_ERROR;
				GCC_WARN_UNDECLARED_SELECTOR = YES;
				GCC_WARN_UNINITIALIZED_AUTOS = YES_AGGRESSIVE;
				GCC_WARN_UNUSED_FUNCTION = YES;
				GCC_WARN_UNUSED_VARIABLE = YES;
				IPHONEOS_DEPLOYMENT_TARGET = 9.2;
				MTL_ENABLE_DEBUG_INFO = YES;
				ONLY_ACTIVE_ARCH = YES;
				SDKROOT = iphoneos;
				SWIFT_OPTIMIZATION_LEVEL = "-Onone";
			};
			name = Debug;
		};
		E7D0B6571C4020B4003731A6 /* Release */ = {
			isa = XCBuildConfiguration;
			buildSettings = {
				ALWAYS_SEARCH_USER_PATHS = NO;
				CLANG_CXX_LANGUAGE_STANDARD = "gnu++0x";
				CLANG_CXX_LIBRARY = "libc++";
				CLANG_ENABLE_MODULES = YES;
				CLANG_ENABLE_OBJC_ARC = YES;
				CLANG_WARN_BOOL_CONVERSION = YES;
				CLANG_WARN_CONSTANT_CONVERSION = YES;
				CLANG_WARN_DIRECT_OBJC_ISA_USAGE = YES_ERROR;
				CLANG_WARN_EMPTY_BODY = YES;
				CLANG_WARN_ENUM_CONVERSION = YES;
				CLANG_WARN_INT_CONVERSION = YES;
				CLANG_WARN_OBJC_ROOT_CLASS = YES_ERROR;
				CLANG_WARN_UNREACHABLE_CODE = YES;
				CLANG_WARN__DUPLICATE_METHOD_MATCH = YES;
				"CODE_SIGN_IDENTITY[sdk=iphoneos*]" = "iPhone Developer";
				COPY_PHASE_STRIP = NO;
				DEBUG_INFORMATION_FORMAT = "dwarf-with-dsym";
				ENABLE_NS_ASSERTIONS = NO;
				ENABLE_STRICT_OBJC_MSGSEND = YES;
				GCC_C_LANGUAGE_STANDARD = gnu99;
				GCC_NO_COMMON_BLOCKS = YES;
				GCC_WARN_64_TO_32_BIT_CONVERSION = YES;
				GCC_WARN_ABOUT_RETURN_TYPE = YES_ERROR;
				GCC_WARN_UNDECLARED_SELECTOR = YES;
				GCC_WARN_UNINITIALIZED_AUTOS = YES_AGGRESSIVE;
				GCC_WARN_UNUSED_FUNCTION = YES;
				GCC_WARN_UNUSED_VARIABLE = YES;
				IPHONEOS_DEPLOYMENT_TARGET = 9.2;
				MTL_ENABLE_DEBUG_INFO = NO;
				SDKROOT = iphoneos;
				VALIDATE_PRODUCT = YES;
			};
			name = Release;
		};
		E7D0B6591C4020B4003731A6 /* Debug */ = {
			isa = XCBuildConfiguration;
			baseConfigurationReference = 32D881CDCAE021E86D8C78D1 /* Pods-Flicks.debug.xcconfig */;
			buildSettings = {
				ASSETCATALOG_COMPILER_APPICON_NAME = AppIcon;
				INFOPLIST_FILE = Flicks/Info.plist;
				LD_RUNPATH_SEARCH_PATHS = "$(inherited) @executable_path/Frameworks";
				PRODUCT_BUNDLE_IDENTIFIER = sparkasaurusRex.Flicks;
				PRODUCT_NAME = "$(TARGET_NAME)";
				SWIFT_VERSION = 3.0;
			};
			name = Debug;
		};
		E7D0B65A1C4020B4003731A6 /* Release */ = {
			isa = XCBuildConfiguration;
			baseConfigurationReference = 7590C5D6AF5693DBD498CF87 /* Pods-Flicks.release.xcconfig */;
			buildSettings = {
				ASSETCATALOG_COMPILER_APPICON_NAME = AppIcon;
				INFOPLIST_FILE = Flicks/Info.plist;
				LD_RUNPATH_SEARCH_PATHS = "$(inherited) @executable_path/Frameworks";
				PRODUCT_BUNDLE_IDENTIFIER = sparkasaurusRex.Flicks;
				PRODUCT_NAME = "$(TARGET_NAME)";
				SWIFT_VERSION = 3.0;
			};
			name = Release;
		};
/* End XCBuildConfiguration section */

/* Begin XCConfigurationList section */
		E7D0B6411C4020B4003731A6 /* Build configuration list for PBXProject "Flicks" */ = {
			isa = XCConfigurationList;
			buildConfigurations = (
				E7D0B6561C4020B4003731A6 /* Debug */,
				E7D0B6571C4020B4003731A6 /* Release */,
			);
			defaultConfigurationIsVisible = 0;
			defaultConfigurationName = Release;
		};
		E7D0B6581C4020B4003731A6 /* Build configuration list for PBXNativeTarget "Flicks" */ = {
			isa = XCConfigurationList;
			buildConfigurations = (
				E7D0B6591C4020B4003731A6 /* Debug */,
				E7D0B65A1C4020B4003731A6 /* Release */,
			);
			defaultConfigurationIsVisible = 0;
			defaultConfigurationName = Release;
		};
/* End XCConfigurationList section */
	};
	rootObject = E7D0B63E1C4020B4003731A6 /* Project object */;
}
